
Microsoft Visual Studio Solution File, Format Version 12.00
# Visual Studio Version 16
VisualStudioVersion = 16.0.32929.386
MinimumVisualStudioVersion = 10.0.40219.1
Project("{FAE04EC0-301F-11D3-BF4B-00C04F79EFBC}") = "StudentDetails", "StudentDetails\StudentDetails.csproj", "{EDD78D78-37C2-4103-8562-546A138A06EE}"
EndProject
Global
	GlobalSection(SolutionConfigurationPlatforms) = preSolution
		Debug|Any CPU = Debug|Any CPU
		Release|Any CPU = Release|Any CPU
	EndGlobalSection
	GlobalSection(ProjectConfigurationPlatforms) = postSolution
		{EDD78D78-37C2-4103-8562-546A138A06EE}.Debug|Any CPU.ActiveCfg = Debug|Any CPU
		{EDD78D78-37C2-4103-8562-546A138A06EE}.Debug|Any CPU.Build.0 = Debug|Any CPU
		{EDD78D78-37C2-4103-8562-546A138A06EE}.Release|Any CPU.ActiveCfg = Release|Any CPU
		{EDD78D78-37C2-4103-8562-546A138A06EE}.Release|Any CPU.Build.0 = Release|Any CPU
	EndGlobalSection
	GlobalSection(SolutionProperties) = preSolution
		HideSolutionNode = FALSE
	EndGlobalSection
	GlobalSection(ExtensibilityGlobals) = postSolution
		SolutionGuid = {FB3E9E3C-62BF-49A7-BCB4-AA79022559FC}
	EndGlobalSection
EndGlobal
